
Microsoft Visual Studio Solution File, Format Version 12.00
# Visual Studio Version 16
VisualStudioVersion = 16.0.34114.132
MinimumVisualStudioVersion = 10.0.40219.1
Project("{FAE04EC0-301F-11D3-BF4B-00C04F79EFBC}") = "CallBackUI", "CallBackUI\CallBackUI.csproj", "{A4A31492-C171-4B79-8DC1-A21A912F3A6A}"
EndProject
Project("{FAE04EC0-301F-11D3-BF4B-00C04F79EFBC}") = "MyUI", "MyUI\MyUI.csproj", "{37F62262-9753-48D3-8E36-459CD50D543E}"
	ProjectSection(ProjectDependencies) = postProject
		{A9AE0524-BD52-45C6-BA1A-E91FF72832BC} = {A9AE0524-BD52-45C6-BA1A-E91FF72832BC}
		{BF777A3A-CA43-45D8-95D8-C8303E568848} = {BF777A3A-CA43-45D8-95D8-C8303E568848}
		{CBC6705D-12B7-4118-8D32-621A420AA7A7} = {CBC6705D-12B7-4118-8D32-621A420AA7A7}
		{A4A31492-C171-4B79-8DC1-A21A912F3A6A} = {A4A31492-C171-4B79-8DC1-A21A912F3A6A}
		{95CB4EF5-1CE6-4760-8581-8ADAFF19C130} = {95CB4EF5-1CE6-4760-8581-8ADAFF19C130}
	EndProjectSection
EndProject
Project("{FAE04EC0-301F-11D3-BF4B-00C04F79EFBC}") = "Basic", "Basic\Basic.csproj", "{A9AE0524-BD52-45C6-BA1A-E91FF72832BC}"
EndProject
Project("{FAE04EC0-301F-11D3-BF4B-00C04F79EFBC}") = "Drawing", "Drawing\Drawing.csproj", "{CBC6705D-12B7-4118-8D32-621A420AA7A7}"
EndProject
Project("{FAE04EC0-301F-11D3-BF4B-00C04F79EFBC}") = "LadderUI", "LadderUI\LadderUI.csproj", "{BF777A3A-CA43-45D8-95D8-C8303E568848}"
	ProjectSection(ProjectDependencies) = postProject
		{A9AE0524-BD52-45C6-BA1A-E91FF72832BC} = {A9AE0524-BD52-45C6-BA1A-E91FF72832BC}
		{CBC6705D-12B7-4118-8D32-621A420AA7A7} = {CBC6705D-12B7-4118-8D32-621A420AA7A7}
		{A4A31492-C171-4B79-8DC1-A21A912F3A6A} = {A4A31492-C171-4B79-8DC1-A21A912F3A6A}
	EndProjectSection
EndProject
Project("{FAE04EC0-301F-11D3-BF4B-00C04F79EFBC}") = "SLDUI", "SLDUI\SLDUI.csproj", "{C6C5FCE6-CA78-49A6-AE7C-42187447A924}"
EndProject
Project("{FAE04EC0-301F-11D3-BF4B-00C04F79EFBC}") = "TCP", "TCP\TCP\TCP.csproj", "{95CB4EF5-1CE6-4760-8581-8ADAFF19C130}"
EndProject
Project("{FAE04EC0-301F-11D3-BF4B-00C04F79EFBC}") = "PLC_Editor_Form", "PLCEditorFrm\PLC_Editor_Form.csproj", "{3191377E-3AA6-4605-AD3F-77256B2A5A60}"
EndProject
Project("{FAE04EC0-301F-11D3-BF4B-00C04F79EFBC}") = "UpdateProgram", "UpdateProgramFrm\UpdateProgram.csproj", "{EF66E142-8789-4A9E-B7F4-AFA327389457}"
EndProject
Project("{2150E333-8FDC-42A3-9474-1A3956D46DE8}") = "一般組件", "一般組件", "{ADF1792A-9591-4A41-A95B-C61ACEB882F1}"
EndProject
Project("{2150E333-8FDC-42A3-9474-1A3956D46DE8}") = "UI組件", "UI組件", "{214FAD30-527B-4F8C-A699-F58406FE5A8C}"
EndProject
Project("{2150E333-8FDC-42A3-9474-1A3956D46DE8}") = "發行執行專案", "發行執行專案", "{B91D70FD-6FC2-458F-B310-E5259EF4FA53}"
EndProject
Project("{2150E333-8FDC-42A3-9474-1A3956D46DE8}") = "測試執行專案", "測試執行專案", "{DC0CE95A-0271-4D3C-B79D-78B971889DC2}"
EndProject
Project("{2150E333-8FDC-42A3-9474-1A3956D46DE8}") = "開發中專案", "開發中專案", "{85022C78-0986-4E73-8526-9F8533017F0A}"
EndProject
Project("{FAE04EC0-301F-11D3-BF4B-00C04F79EFBC}") = "MeasureSystemUI", "MeasureSystemUI\MeasureSystemUI.csproj", "{D1855484-6581-4995-B3A8-96F0D7214AFC}"
EndProject
Project("{FAE04EC0-301F-11D3-BF4B-00C04F79EFBC}") = "PortControlUI", "ParallelPortControl\PortControlUI.csproj", "{B31BAC7D-FFAD-4735-9727-DF8AD1785DA4}"
EndProject
Project("{FAE04EC0-301F-11D3-BF4B-00C04F79EFBC}") = "SQLUI", "SQLUI\SQLUI.csproj", "{1F54D6B6-18B1-4A08-B432-8FD3090E3D83}"
EndProject
Project("{2150E333-8FDC-42A3-9474-1A3956D46DE8}") = "ImageAISYS", "ImageAISYS", "{E933C967-6B93-45C8-949B-174C0B14B502}"
EndProject
Project("{FAE04EC0-301F-11D3-BF4B-00C04F79EFBC}") = "HsImage", "HsImage\HsImage.csproj", "{797D8B0B-2563-4276-B09C-83A7E31551D9}"
EndProject
Project("{FAE04EC0-301F-11D3-BF4B-00C04F79EFBC}") = "HsBase", "HsBase\HsBase.csproj", "{7497C958-96FC-4096-8E10-E81B672E62A5}"
EndProject
Project("{FAE04EC0-301F-11D3-BF4B-00C04F79EFBC}") = "HsBasic", "HsBasic\HsBasic.csproj", "{AAD484DF-3876-413F-977B-1D239FDC8C47}"
EndProject
Project("{FAE04EC0-301F-11D3-BF4B-00C04F79EFBC}") = "HsPat", "HsPat\HsPat.csproj", "{F850037E-7462-4D36-8E29-5BC6F353D766}"
	ProjectSection(ProjectDependencies) = postProject
		{797D8B0B-2563-4276-B09C-83A7E31551D9} = {797D8B0B-2563-4276-B09C-83A7E31551D9}
		{A9AE0524-BD52-45C6-BA1A-E91FF72832BC} = {A9AE0524-BD52-45C6-BA1A-E91FF72832BC}
		{7497C958-96FC-4096-8E10-E81B672E62A5} = {7497C958-96FC-4096-8E10-E81B672E62A5}
		{CBC6705D-12B7-4118-8D32-621A420AA7A7} = {CBC6705D-12B7-4118-8D32-621A420AA7A7}
		{AAD484DF-3876-413F-977B-1D239FDC8C47} = {AAD484DF-3876-413F-977B-1D239FDC8C47}
	EndProjectSection
EndProject
Project("{FAE04EC0-301F-11D3-BF4B-00C04F79EFBC}") = "HSONApplication", "HSONApplication\HSONApplication.csproj", "{3E713100-0E2B-4B23-8B7A-082BDDE67340}"
EndProject
Project("{FAE04EC0-301F-11D3-BF4B-00C04F79EFBC}") = "LeadShineUI", "LeadShineUI\LeadShineUI.csproj", "{E507E0A1-5C43-4F26-B914-641B23EE702E}"
EndProject
Project("{FAE04EC0-301F-11D3-BF4B-00C04F79EFBC}") = "LightControlUI", "LightControlUI\LightControlUI.csproj", "{89970385-55F0-4894-9863-D6C7174A03A9}"
EndProject
Project("{FAE04EC0-301F-11D3-BF4B-00C04F79EFBC}") = "ZealTechUI", "ZealTechUI\ZealTechUI.csproj", "{73C2AFE8-A8D8-403E-B823-7CDEBB534A36}"
EndProject
Project("{FAE04EC0-301F-11D3-BF4B-00C04F79EFBC}") = "MVSDKUI", "MVSDKUI\MVSDKUI.csproj", "{F9DE26F6-809A-4908-BB57-972358B82B3C}"
EndProject
Project("{FAE04EC0-301F-11D3-BF4B-00C04F79EFBC}") = "HCGUI", "HCGUI\HCGUI.csproj", "{7EEF0DC2-E440-4A55-A8CD-4A8E7D08C882}"
EndProject
Project("{FAE04EC0-301F-11D3-BF4B-00C04F79EFBC}") = "DeltaMotor485", "DeltaMotor485\DeltaMotor485.csproj", "{CE158DCF-70B6-4D34-BE96-F9AF199EA4AB}"
EndProject
Global
	GlobalSection(SolutionConfigurationPlatforms) = preSolution
		Debug|Any CPU = Debug|Any CPU
		Debug|x64 = Debug|x64
		Debug|x86 = Debug|x86
		Release|Any CPU = Release|Any CPU
		Release|x64 = Release|x64
		Release|x86 = Release|x86
	EndGlobalSection
	GlobalSection(ProjectConfigurationPlatforms) = postSolution
		{A4A31492-C171-4B79-8DC1-A21A912F3A6A}.Debug|Any CPU.ActiveCfg = Debug|Any CPU
		{A4A31492-C171-4B79-8DC1-A21A912F3A6A}.Debug|Any CPU.Build.0 = Debug|Any CPU
		{A4A31492-C171-4B79-8DC1-A21A912F3A6A}.Debug|x64.ActiveCfg = Debug|Any CPU
		{A4A31492-C171-4B79-8DC1-A21A912F3A6A}.Debug|x86.ActiveCfg = Debug|Any CPU
		{A4A31492-C171-4B79-8DC1-A21A912F3A6A}.Release|Any CPU.ActiveCfg = Release|Any CPU
		{A4A31492-C171-4B79-8DC1-A21A912F3A6A}.Release|Any CPU.Build.0 = Release|Any CPU
		{A4A31492-C171-4B79-8DC1-A21A912F3A6A}.Release|x64.ActiveCfg = Release|Any CPU
		{A4A31492-C171-4B79-8DC1-A21A912F3A6A}.Release|x64.Build.0 = Release|Any CPU
		{A4A31492-C171-4B79-8DC1-A21A912F3A6A}.Release|x86.ActiveCfg = Release|Any CPU
		{37F62262-9753-48D3-8E36-459CD50D543E}.Debug|Any CPU.ActiveCfg = Debug|Any CPU
		{37F62262-9753-48D3-8E36-459CD50D543E}.Debug|Any CPU.Build.0 = Debug|Any CPU
		{37F62262-9753-48D3-8E36-459CD50D543E}.Debug|x64.ActiveCfg = Debug|Any CPU
		{37F62262-9753-48D3-8E36-459CD50D543E}.Debug|x86.ActiveCfg = Debug|Any CPU
		{37F62262-9753-48D3-8E36-459CD50D543E}.Release|Any CPU.ActiveCfg = Release|Any CPU
		{37F62262-9753-48D3-8E36-459CD50D543E}.Release|Any CPU.Build.0 = Release|Any CPU
		{37F62262-9753-48D3-8E36-459CD50D543E}.Release|x64.ActiveCfg = Release|Any CPU
		{37F62262-9753-48D3-8E36-459CD50D543E}.Release|x64.Build.0 = Release|Any CPU
		{37F62262-9753-48D3-8E36-459CD50D543E}.Release|x86.ActiveCfg = Release|Any CPU
		{A9AE0524-BD52-45C6-BA1A-E91FF72832BC}.Debug|Any CPU.ActiveCfg = Debug|Any CPU
		{A9AE0524-BD52-45C6-BA1A-E91FF72832BC}.Debug|Any CPU.Build.0 = Debug|Any CPU
		{A9AE0524-BD52-45C6-BA1A-E91FF72832BC}.Debug|x64.ActiveCfg = Debug|Any CPU
		{A9AE0524-BD52-45C6-BA1A-E91FF72832BC}.Debug|x86.ActiveCfg = Debug|Any CPU
		{A9AE0524-BD52-45C6-BA1A-E91FF72832BC}.Release|Any CPU.ActiveCfg = Release|Any CPU
		{A9AE0524-BD52-45C6-BA1A-E91FF72832BC}.Release|Any CPU.Build.0 = Release|Any CPU
		{A9AE0524-BD52-45C6-BA1A-E91FF72832BC}.Release|x64.ActiveCfg = Release|Any CPU
		{A9AE0524-BD52-45C6-BA1A-E91FF72832BC}.Release|x64.Build.0 = Release|Any CPU
		{A9AE0524-BD52-45C6-BA1A-E91FF72832BC}.Release|x86.ActiveCfg = Release|Any CPU
		{CBC6705D-12B7-4118-8D32-621A420AA7A7}.Debug|Any CPU.ActiveCfg = Debug|Any CPU
		{CBC6705D-12B7-4118-8D32-621A420AA7A7}.Debug|Any CPU.Build.0 = Debug|Any CPU
		{CBC6705D-12B7-4118-8D32-621A420AA7A7}.Debug|x64.ActiveCfg = Debug|Any CPU
		{CBC6705D-12B7-4118-8D32-621A420AA7A7}.Debug|x86.ActiveCfg = Debug|Any CPU
		{CBC6705D-12B7-4118-8D32-621A420AA7A7}.Release|Any CPU.ActiveCfg = Release|Any CPU
		{CBC6705D-12B7-4118-8D32-621A420AA7A7}.Release|x64.ActiveCfg = Release|Any CPU
		{CBC6705D-12B7-4118-8D32-621A420AA7A7}.Release|x64.Build.0 = Release|Any CPU
		{CBC6705D-12B7-4118-8D32-621A420AA7A7}.Release|x86.ActiveCfg = Release|Any CPU
		{BF777A3A-CA43-45D8-95D8-C8303E568848}.Debug|Any CPU.ActiveCfg = Debug|Any CPU
		{BF777A3A-CA43-45D8-95D8-C8303E568848}.Debug|Any CPU.Build.0 = Debug|Any CPU
		{BF777A3A-CA43-45D8-95D8-C8303E568848}.Debug|x64.ActiveCfg = Debug|Any CPU
		{BF777A3A-CA43-45D8-95D8-C8303E568848}.Debug|x86.ActiveCfg = Debug|Any CPU
		{BF777A3A-CA43-45D8-95D8-C8303E568848}.Release|Any CPU.ActiveCfg = Release|Any CPU
		{BF777A3A-CA43-45D8-95D8-C8303E568848}.Release|Any CPU.Build.0 = Release|Any CPU
		{BF777A3A-CA43-45D8-95D8-C8303E568848}.Release|x64.ActiveCfg = Release|Any CPU
		{BF777A3A-CA43-45D8-95D8-C8303E568848}.Release|x64.Build.0 = Release|Any CPU
		{BF777A3A-CA43-45D8-95D8-C8303E568848}.Release|x86.ActiveCfg = Release|Any CPU
		{C6C5FCE6-CA78-49A6-AE7C-42187447A924}.Debug|Any CPU.ActiveCfg = Debug|Any CPU
		{C6C5FCE6-CA78-49A6-AE7C-42187447A924}.Debug|Any CPU.Build.0 = Debug|Any CPU
		{C6C5FCE6-CA78-49A6-AE7C-42187447A924}.Debug|x64.ActiveCfg = Debug|Any CPU
		{C6C5FCE6-CA78-49A6-AE7C-42187447A924}.Debug|x86.ActiveCfg = Debug|Any CPU
		{C6C5FCE6-CA78-49A6-AE7C-42187447A924}.Release|Any CPU.ActiveCfg = Release|Any CPU
		{C6C5FCE6-CA78-49A6-AE7C-42187447A924}.Release|Any CPU.Build.0 = Release|Any CPU
		{C6C5FCE6-CA78-49A6-AE7C-42187447A924}.Release|x64.ActiveCfg = Release|Any CPU
		{C6C5FCE6-CA78-49A6-AE7C-42187447A924}.Release|x64.Build.0 = Release|Any CPU
		{C6C5FCE6-CA78-49A6-AE7C-42187447A924}.Release|x86.ActiveCfg = Release|Any CPU
		{95CB4EF5-1CE6-4760-8581-8ADAFF19C130}.Debug|Any CPU.ActiveCfg = Debug|Any CPU
		{95CB4EF5-1CE6-4760-8581-8ADAFF19C130}.Debug|Any CPU.Build.0 = Debug|Any CPU
		{95CB4EF5-1CE6-4760-8581-8ADAFF19C130}.Debug|x64.ActiveCfg = Debug|Any CPU
		{95CB4EF5-1CE6-4760-8581-8ADAFF19C130}.Debug|x86.ActiveCfg = Debug|Any CPU
		{95CB4EF5-1CE6-4760-8581-8ADAFF19C130}.Release|Any CPU.ActiveCfg = Release|Any CPU
		{95CB4EF5-1CE6-4760-8581-8ADAFF19C130}.Release|Any CPU.Build.0 = Release|Any CPU
		{95CB4EF5-1CE6-4760-8581-8ADAFF19C130}.Release|x64.ActiveCfg = Release|Any CPU
		{95CB4EF5-1CE6-4760-8581-8ADAFF19C130}.Release|x64.Build.0 = Release|Any CPU
		{95CB4EF5-1CE6-4760-8581-8ADAFF19C130}.Release|x86.ActiveCfg = Release|Any CPU
		{3191377E-3AA6-4605-AD3F-77256B2A5A60}.Debug|Any CPU.ActiveCfg = Debug|Any CPU
		{3191377E-3AA6-4605-AD3F-77256B2A5A60}.Debug|Any CPU.Build.0 = Debug|Any CPU
		{3191377E-3AA6-4605-AD3F-77256B2A5A60}.Debug|x64.ActiveCfg = Debug|Any CPU
		{3191377E-3AA6-4605-AD3F-77256B2A5A60}.Debug|x86.ActiveCfg = Debug|Any CPU
		{3191377E-3AA6-4605-AD3F-77256B2A5A60}.Release|Any CPU.ActiveCfg = Release|Any CPU
		{3191377E-3AA6-4605-AD3F-77256B2A5A60}.Release|Any CPU.Build.0 = Release|Any CPU
		{3191377E-3AA6-4605-AD3F-77256B2A5A60}.Release|x64.ActiveCfg = Release|Any CPU
		{3191377E-3AA6-4605-AD3F-77256B2A5A60}.Release|x64.Build.0 = Release|Any CPU
		{3191377E-3AA6-4605-AD3F-77256B2A5A60}.Release|x86.ActiveCfg = Release|Any CPU
		{EF66E142-8789-4A9E-B7F4-AFA327389457}.Debug|Any CPU.ActiveCfg = Debug|Any CPU
		{EF66E142-8789-4A9E-B7F4-AFA327389457}.Debug|Any CPU.Build.0 = Debug|Any CPU
		{EF66E142-8789-4A9E-B7F4-AFA327389457}.Debug|x64.ActiveCfg = Debug|Any CPU
		{EF66E142-8789-4A9E-B7F4-AFA327389457}.Debug|x86.ActiveCfg = Debug|Any CPU
		{EF66E142-8789-4A9E-B7F4-AFA327389457}.Release|Any CPU.ActiveCfg = Release|Any CPU
		{EF66E142-8789-4A9E-B7F4-AFA327389457}.Release|x64.ActiveCfg = Release|Any CPU
		{EF66E142-8789-4A9E-B7F4-AFA327389457}.Release|x86.ActiveCfg = Release|Any CPU
		{D1855484-6581-4995-B3A8-96F0D7214AFC}.Debug|Any CPU.ActiveCfg = Debug|Any CPU
		{D1855484-6581-4995-B3A8-96F0D7214AFC}.Debug|Any CPU.Build.0 = Debug|Any CPU
		{D1855484-6581-4995-B3A8-96F0D7214AFC}.Debug|x64.ActiveCfg = Debug|Any CPU
		{D1855484-6581-4995-B3A8-96F0D7214AFC}.Debug|x86.ActiveCfg = Debug|Any CPU
		{D1855484-6581-4995-B3A8-96F0D7214AFC}.Release|Any CPU.ActiveCfg = Release|Any CPU
		{D1855484-6581-4995-B3A8-96F0D7214AFC}.Release|Any CPU.Build.0 = Release|Any CPU
		{D1855484-6581-4995-B3A8-96F0D7214AFC}.Release|x64.ActiveCfg = Release|Any CPU
		{D1855484-6581-4995-B3A8-96F0D7214AFC}.Release|x64.Build.0 = Release|Any CPU
		{D1855484-6581-4995-B3A8-96F0D7214AFC}.Release|x86.ActiveCfg = Release|Any CPU
		{B31BAC7D-FFAD-4735-9727-DF8AD1785DA4}.Debug|Any CPU.ActiveCfg = Debug|Any CPU
		{B31BAC7D-FFAD-4735-9727-DF8AD1785DA4}.Debug|Any CPU.Build.0 = Debug|Any CPU
		{B31BAC7D-FFAD-4735-9727-DF8AD1785DA4}.Debug|x64.ActiveCfg = Debug|Any CPU
		{B31BAC7D-FFAD-4735-9727-DF8AD1785DA4}.Debug|x86.ActiveCfg = Debug|Any CPU
		{B31BAC7D-FFAD-4735-9727-DF8AD1785DA4}.Release|Any CPU.ActiveCfg = Release|Any CPU
		{B31BAC7D-FFAD-4735-9727-DF8AD1785DA4}.Release|Any CPU.Build.0 = Release|Any CPU
		{B31BAC7D-FFAD-4735-9727-DF8AD1785DA4}.Release|x64.ActiveCfg = Release|Any CPU
		{B31BAC7D-FFAD-4735-9727-DF8AD1785DA4}.Release|x64.Build.0 = Release|Any CPU
		{B31BAC7D-FFAD-4735-9727-DF8AD1785DA4}.Release|x86.ActiveCfg = Release|Any CPU
		{1F54D6B6-18B1-4A08-B432-8FD3090E3D83}.Debug|Any CPU.ActiveCfg = Debug|Any CPU
		{1F54D6B6-18B1-4A08-B432-8FD3090E3D83}.Debug|Any CPU.Build.0 = Debug|Any CPU
		{1F54D6B6-18B1-4A08-B432-8FD3090E3D83}.Debug|x64.ActiveCfg = Debug|Any CPU
		{1F54D6B6-18B1-4A08-B432-8FD3090E3D83}.Debug|x86.ActiveCfg = Debug|Any CPU
		{1F54D6B6-18B1-4A08-B432-8FD3090E3D83}.Release|Any CPU.ActiveCfg = Release|Any CPU
		{1F54D6B6-18B1-4A08-B432-8FD3090E3D83}.Release|Any CPU.Build.0 = Release|Any CPU
		{1F54D6B6-18B1-4A08-B432-8FD3090E3D83}.Release|x64.ActiveCfg = Release|Any CPU
		{1F54D6B6-18B1-4A08-B432-8FD3090E3D83}.Release|x64.Build.0 = Release|Any CPU
		{1F54D6B6-18B1-4A08-B432-8FD3090E3D83}.Release|x86.ActiveCfg = Release|Any CPU
		{797D8B0B-2563-4276-B09C-83A7E31551D9}.Debug|Any CPU.ActiveCfg = Debug|Any CPU
		{797D8B0B-2563-4276-B09C-83A7E31551D9}.Debug|Any CPU.Build.0 = Debug|Any CPU
		{797D8B0B-2563-4276-B09C-83A7E31551D9}.Debug|x64.ActiveCfg = Debug|Any CPU
		{797D8B0B-2563-4276-B09C-83A7E31551D9}.Debug|x86.ActiveCfg = Debug|Any CPU
		{797D8B0B-2563-4276-B09C-83A7E31551D9}.Release|Any CPU.ActiveCfg = Release|Any CPU
		{797D8B0B-2563-4276-B09C-83A7E31551D9}.Release|x64.ActiveCfg = Release|Any CPU
		{797D8B0B-2563-4276-B09C-83A7E31551D9}.Release|x64.Build.0 = Release|Any CPU
		{797D8B0B-2563-4276-B09C-83A7E31551D9}.Release|x86.ActiveCfg = Release|Any CPU
		{7497C958-96FC-4096-8E10-E81B672E62A5}.Debug|Any CPU.ActiveCfg = Debug|Any CPU
		{7497C958-96FC-4096-8E10-E81B672E62A5}.Debug|Any CPU.Build.0 = Debug|Any CPU
		{7497C958-96FC-4096-8E10-E81B672E62A5}.Debug|x64.ActiveCfg = Debug|Any CPU
		{7497C958-96FC-4096-8E10-E81B672E62A5}.Debug|x86.ActiveCfg = Debug|Any CPU
		{7497C958-96FC-4096-8E10-E81B672E62A5}.Release|Any CPU.ActiveCfg = Release|Any CPU
		{7497C958-96FC-4096-8E10-E81B672E62A5}.Release|x64.ActiveCfg = Release|Any CPU
		{7497C958-96FC-4096-8E10-E81B672E62A5}.Release|x64.Build.0 = Release|Any CPU
		{7497C958-96FC-4096-8E10-E81B672E62A5}.Release|x86.ActiveCfg = Release|Any CPU
		{AAD484DF-3876-413F-977B-1D239FDC8C47}.Debug|Any CPU.ActiveCfg = Debug|Any CPU
		{AAD484DF-3876-413F-977B-1D239FDC8C47}.Debug|Any CPU.Build.0 = Debug|Any CPU
		{AAD484DF-3876-413F-977B-1D239FDC8C47}.Debug|x64.ActiveCfg = Debug|Any CPU
		{AAD484DF-3876-413F-977B-1D239FDC8C47}.Debug|x86.ActiveCfg = Debug|Any CPU
		{AAD484DF-3876-413F-977B-1D239FDC8C47}.Release|Any CPU.ActiveCfg = Release|Any CPU
		{AAD484DF-3876-413F-977B-1D239FDC8C47}.Release|x64.ActiveCfg = Release|Any CPU
		{AAD484DF-3876-413F-977B-1D239FDC8C47}.Release|x64.Build.0 = Release|Any CPU
		{AAD484DF-3876-413F-977B-1D239FDC8C47}.Release|x86.ActiveCfg = Release|Any CPU
		{F850037E-7462-4D36-8E29-5BC6F353D766}.Debug|Any CPU.ActiveCfg = Debug|Any CPU
		{F850037E-7462-4D36-8E29-5BC6F353D766}.Debug|Any CPU.Build.0 = Debug|Any CPU
		{F850037E-7462-4D36-8E29-5BC6F353D766}.Debug|x64.ActiveCfg = Debug|Any CPU
		{F850037E-7462-4D36-8E29-5BC6F353D766}.Debug|x86.ActiveCfg = Debug|Any CPU
		{F850037E-7462-4D36-8E29-5BC6F353D766}.Release|Any CPU.ActiveCfg = Release|Any CPU
		{F850037E-7462-4D36-8E29-5BC6F353D766}.Release|x64.ActiveCfg = Release|Any CPU
		{F850037E-7462-4D36-8E29-5BC6F353D766}.Release|x64.Build.0 = Release|Any CPU
		{F850037E-7462-4D36-8E29-5BC6F353D766}.Release|x86.ActiveCfg = Release|Any CPU
		{3E713100-0E2B-4B23-8B7A-082BDDE67340}.Debug|Any CPU.ActiveCfg = Debug|Any CPU
		{3E713100-0E2B-4B23-8B7A-082BDDE67340}.Debug|Any CPU.Build.0 = Debug|Any CPU
		{3E713100-0E2B-4B23-8B7A-082BDDE67340}.Debug|x64.ActiveCfg = Debug|Any CPU
		{3E713100-0E2B-4B23-8B7A-082BDDE67340}.Debug|x86.ActiveCfg = Debug|Any CPU
		{3E713100-0E2B-4B23-8B7A-082BDDE67340}.Release|Any CPU.ActiveCfg = Release|Any CPU
		{3E713100-0E2B-4B23-8B7A-082BDDE67340}.Release|Any CPU.Build.0 = Release|Any CPU
		{3E713100-0E2B-4B23-8B7A-082BDDE67340}.Release|x64.ActiveCfg = Release|Any CPU
		{3E713100-0E2B-4B23-8B7A-082BDDE67340}.Release|x86.ActiveCfg = Release|Any CPU
		{E507E0A1-5C43-4F26-B914-641B23EE702E}.Debug|Any CPU.ActiveCfg = Debug|Any CPU
		{E507E0A1-5C43-4F26-B914-641B23EE702E}.Debug|Any CPU.Build.0 = Debug|Any CPU
		{E507E0A1-5C43-4F26-B914-641B23EE702E}.Debug|x64.ActiveCfg = Debug|Any CPU
		{E507E0A1-5C43-4F26-B914-641B23EE702E}.Debug|x86.ActiveCfg = Debug|Any CPU
		{E507E0A1-5C43-4F26-B914-641B23EE702E}.Release|Any CPU.ActiveCfg = Release|Any CPU
		{E507E0A1-5C43-4F26-B914-641B23EE702E}.Release|Any CPU.Build.0 = Release|Any CPU
		{E507E0A1-5C43-4F26-B914-641B23EE702E}.Release|x64.ActiveCfg = Release|Any CPU
		{E507E0A1-5C43-4F26-B914-641B23EE702E}.Release|x86.ActiveCfg = Release|Any CPU
		{89970385-55F0-4894-9863-D6C7174A03A9}.Debug|Any CPU.ActiveCfg = Debug|Any CPU
		{89970385-55F0-4894-9863-D6C7174A03A9}.Debug|Any CPU.Build.0 = Debug|Any CPU
		{89970385-55F0-4894-9863-D6C7174A03A9}.Debug|x64.ActiveCfg = Debug|Any CPU
		{89970385-55F0-4894-9863-D6C7174A03A9}.Debug|x86.ActiveCfg = Debug|Any CPU
		{89970385-55F0-4894-9863-D6C7174A03A9}.Release|Any CPU.ActiveCfg = Release|Any CPU
		{89970385-55F0-4894-9863-D6C7174A03A9}.Release|Any CPU.Build.0 = Release|Any CPU
		{89970385-55F0-4894-9863-D6C7174A03A9}.Release|x64.ActiveCfg = Release|Any CPU
		{89970385-55F0-4894-9863-D6C7174A03A9}.Release|x86.ActiveCfg = Release|Any CPU
		{73C2AFE8-A8D8-403E-B823-7CDEBB534A36}.Debug|Any CPU.ActiveCfg = Debug|Any CPU
		{73C2AFE8-A8D8-403E-B823-7CDEBB534A36}.Debug|Any CPU.Build.0 = Debug|Any CPU
		{73C2AFE8-A8D8-403E-B823-7CDEBB534A36}.Debug|x64.ActiveCfg = Debug|Any CPU
		{73C2AFE8-A8D8-403E-B823-7CDEBB534A36}.Debug|x86.ActiveCfg = Debug|Any CPU
		{73C2AFE8-A8D8-403E-B823-7CDEBB534A36}.Release|Any CPU.ActiveCfg = Release|Any CPU
		{73C2AFE8-A8D8-403E-B823-7CDEBB534A36}.Release|Any CPU.Build.0 = Release|Any CPU
		{73C2AFE8-A8D8-403E-B823-7CDEBB534A36}.Release|x64.ActiveCfg = Release|Any CPU
		{73C2AFE8-A8D8-403E-B823-7CDEBB534A36}.Release|x86.ActiveCfg = Release|Any CPU
		{F9DE26F6-809A-4908-BB57-972358B82B3C}.Debug|Any CPU.ActiveCfg = Debug|Any CPU
		{F9DE26F6-809A-4908-BB57-972358B82B3C}.Debug|Any CPU.Build.0 = Debug|Any CPU
		{F9DE26F6-809A-4908-BB57-972358B82B3C}.Debug|x64.ActiveCfg = Debug|Any CPU
		{F9DE26F6-809A-4908-BB57-972358B82B3C}.Debug|x64.Build.0 = Debug|Any CPU
		{F9DE26F6-809A-4908-BB57-972358B82B3C}.Debug|x86.ActiveCfg = Debug|Any CPU
		{F9DE26F6-809A-4908-BB57-972358B82B3C}.Debug|x86.Build.0 = Debug|Any CPU
		{F9DE26F6-809A-4908-BB57-972358B82B3C}.Release|Any CPU.ActiveCfg = Release|Any CPU
		{F9DE26F6-809A-4908-BB57-972358B82B3C}.Release|Any CPU.Build.0 = Release|Any CPU
		{F9DE26F6-809A-4908-BB57-972358B82B3C}.Release|x64.ActiveCfg = Release|Any CPU
		{F9DE26F6-809A-4908-BB57-972358B82B3C}.Release|x64.Build.0 = Release|Any CPU
		{F9DE26F6-809A-4908-BB57-972358B82B3C}.Release|x86.ActiveCfg = Release|Any CPU
		{F9DE26F6-809A-4908-BB57-972358B82B3C}.Release|x86.Build.0 = Release|Any CPU
		{7EEF0DC2-E440-4A55-A8CD-4A8E7D08C882}.Debug|Any CPU.ActiveCfg = Debug|Any CPU
		{7EEF0DC2-E440-4A55-A8CD-4A8E7D08C882}.Debug|Any CPU.Build.0 = Debug|Any CPU
		{7EEF0DC2-E440-4A55-A8CD-4A8E7D08C882}.Debug|x64.ActiveCfg = Debug|Any CPU
		{7EEF0DC2-E440-4A55-A8CD-4A8E7D08C882}.Debug|x64.Build.0 = Debug|Any CPU
		{7EEF0DC2-E440-4A55-A8CD-4A8E7D08C882}.Debug|x86.ActiveCfg = Debug|Any CPU
		{7EEF0DC2-E440-4A55-A8CD-4A8E7D08C882}.Debug|x86.Build.0 = Debug|Any CPU
		{7EEF0DC2-E440-4A55-A8CD-4A8E7D08C882}.Release|Any CPU.ActiveCfg = Release|Any CPU
		{7EEF0DC2-E440-4A55-A8CD-4A8E7D08C882}.Release|Any CPU.Build.0 = Release|Any CPU
		{7EEF0DC2-E440-4A55-A8CD-4A8E7D08C882}.Release|x64.ActiveCfg = Release|Any CPU
		{7EEF0DC2-E440-4A55-A8CD-4A8E7D08C882}.Release|x64.Build.0 = Release|Any CPU
		{7EEF0DC2-E440-4A55-A8CD-4A8E7D08C882}.Release|x86.ActiveCfg = Release|Any CPU
		{7EEF0DC2-E440-4A55-A8CD-4A8E7D08C882}.Release|x86.Build.0 = Release|Any CPU
		{CE158DCF-70B6-4D34-BE96-F9AF199EA4AB}.Debug|Any CPU.ActiveCfg = Debug|Any CPU
		{CE158DCF-70B6-4D34-BE96-F9AF199EA4AB}.Debug|Any CPU.Build.0 = Debug|Any CPU
		{CE158DCF-70B6-4D34-BE96-F9AF199EA4AB}.Debug|x64.ActiveCfg = Debug|Any CPU
		{CE158DCF-70B6-4D34-BE96-F9AF199EA4AB}.Debug|x64.Build.0 = Debug|Any CPU
		{CE158DCF-70B6-4D34-BE96-F9AF199EA4AB}.Debug|x86.ActiveCfg = Debug|Any CPU
		{CE158DCF-70B6-4D34-BE96-F9AF199EA4AB}.Debug|x86.Build.0 = Debug|Any CPU
		{CE158DCF-70B6-4D34-BE96-F9AF199EA4AB}.Release|Any CPU.ActiveCfg = Release|Any CPU
		{CE158DCF-70B6-4D34-BE96-F9AF199EA4AB}.Release|Any CPU.Build.0 = Release|Any CPU
		{CE158DCF-70B6-4D34-BE96-F9AF199EA4AB}.Release|x64.ActiveCfg = Release|Any CPU
		{CE158DCF-70B6-4D34-BE96-F9AF199EA4AB}.Release|x64.Build.0 = Release|Any CPU
		{CE158DCF-70B6-4D34-BE96-F9AF199EA4AB}.Release|x86.ActiveCfg = Release|Any CPU
		{CE158DCF-70B6-4D34-BE96-F9AF199EA4AB}.Release|x86.Build.0 = Release|Any CPU
	EndGlobalSection
	GlobalSection(SolutionProperties) = preSolution
		HideSolutionNode = FALSE
	EndGlobalSection
	GlobalSection(NestedProjects) = preSolution
		{A4A31492-C171-4B79-8DC1-A21A912F3A6A} = {ADF1792A-9591-4A41-A95B-C61ACEB882F1}
		{37F62262-9753-48D3-8E36-459CD50D543E} = {214FAD30-527B-4F8C-A699-F58406FE5A8C}
		{A9AE0524-BD52-45C6-BA1A-E91FF72832BC} = {ADF1792A-9591-4A41-A95B-C61ACEB882F1}
		{CBC6705D-12B7-4118-8D32-621A420AA7A7} = {ADF1792A-9591-4A41-A95B-C61ACEB882F1}
		{BF777A3A-CA43-45D8-95D8-C8303E568848} = {214FAD30-527B-4F8C-A699-F58406FE5A8C}
		{C6C5FCE6-CA78-49A6-AE7C-42187447A924} = {214FAD30-527B-4F8C-A699-F58406FE5A8C}
		{95CB4EF5-1CE6-4760-8581-8ADAFF19C130} = {ADF1792A-9591-4A41-A95B-C61ACEB882F1}
		{3191377E-3AA6-4605-AD3F-77256B2A5A60} = {B91D70FD-6FC2-458F-B310-E5259EF4FA53}
		{EF66E142-8789-4A9E-B7F4-AFA327389457} = {B91D70FD-6FC2-458F-B310-E5259EF4FA53}
		{D1855484-6581-4995-B3A8-96F0D7214AFC} = {85022C78-0986-4E73-8526-9F8533017F0A}
		{B31BAC7D-FFAD-4735-9727-DF8AD1785DA4} = {214FAD30-527B-4F8C-A699-F58406FE5A8C}
		{1F54D6B6-18B1-4A08-B432-8FD3090E3D83} = {214FAD30-527B-4F8C-A699-F58406FE5A8C}
		{797D8B0B-2563-4276-B09C-83A7E31551D9} = {E933C967-6B93-45C8-949B-174C0B14B502}
		{7497C958-96FC-4096-8E10-E81B672E62A5} = {E933C967-6B93-45C8-949B-174C0B14B502}
		{AAD484DF-3876-413F-977B-1D239FDC8C47} = {E933C967-6B93-45C8-949B-174C0B14B502}
		{F850037E-7462-4D36-8E29-5BC6F353D766} = {E933C967-6B93-45C8-949B-174C0B14B502}
		{3E713100-0E2B-4B23-8B7A-082BDDE67340} = {DC0CE95A-0271-4D3C-B79D-78B971889DC2}
		{E507E0A1-5C43-4F26-B914-641B23EE702E} = {214FAD30-527B-4F8C-A699-F58406FE5A8C}
		{89970385-55F0-4894-9863-D6C7174A03A9} = {214FAD30-527B-4F8C-A699-F58406FE5A8C}
		{73C2AFE8-A8D8-403E-B823-7CDEBB534A36} = {214FAD30-527B-4F8C-A699-F58406FE5A8C}
		{F9DE26F6-809A-4908-BB57-972358B82B3C} = {214FAD30-527B-4F8C-A699-F58406FE5A8C}
		{7EEF0DC2-E440-4A55-A8CD-4A8E7D08C882} = {214FAD30-527B-4F8C-A699-F58406FE5A8C}
		{CE158DCF-70B6-4D34-BE96-F9AF199EA4AB} = {214FAD30-527B-4F8C-A699-F58406FE5A8C}
	EndGlobalSection
	GlobalSection(ExtensibilityGlobals) = postSolution
		SolutionGuid = {EE5150D5-0239-4FEB-A0BF-6E1BAE209520}
	EndGlobalSection
EndGlobal
